
Microsoft Visual Studio Solution File, Format Version 11.00
# Visual Studio 2010
Project("{FAE04EC0-301F-11D3-BF4B-00C04F79EFBC}") = "Rql", "Rql\Rql.csproj", "{B58DFA71-AB06-43DA-92AC-A1AC2D69C5DD}"
EndProject
Project("{FAE04EC0-301F-11D3-BF4B-00C04F79EFBC}") = "RqlTests", "Tests\RqlTests.csproj", "{3CE72725-6775-4918-98A4-12BD3D660670}"
EndProject
Global
	GlobalSection(SolutionConfigurationPlatforms) = preSolution
		Debug|Any CPU = Debug|Any CPU
		Release|Any CPU = Release|Any CPU
	EndGlobalSection
	GlobalSection(ProjectConfigurationPlatforms) = postSolution
		{3CE72725-6775-4918-98A4-12BD3D660670}.Debug|Any CPU.ActiveCfg = Debug|Any CPU
		{3CE72725-6775-4918-98A4-12BD3D660670}.Debug|Any CPU.Build.0 = Debug|Any CPU
		{3CE72725-6775-4918-98A4-12BD3D660670}.Release|Any CPU.ActiveCfg = Release|Any CPU
		{3CE72725-6775-4918-98A4-12BD3D660670}.Release|Any CPU.Build.0 = Release|Any CPU
		{B58DFA71-AB06-43DA-92AC-A1AC2D69C5DD}.Debug|Any CPU.ActiveCfg = Debug|Any CPU
		{B58DFA71-AB06-43DA-92AC-A1AC2D69C5DD}.Debug|Any CPU.Build.0 = Debug|Any CPU
		{B58DFA71-AB06-43DA-92AC-A1AC2D69C5DD}.Release|Any CPU.ActiveCfg = Release|Any CPU
		{B58DFA71-AB06-43DA-92AC-A1AC2D69C5DD}.Release|Any CPU.Build.0 = Release|Any CPU
	EndGlobalSection
	GlobalSection(MonoDevelopProperties) = preSolution
		StartupItem = Rql\Rql.csproj
	EndGlobalSection
EndGlobal
